
Microsoft Visual Studio Solution File, Format Version 12.00
# Visual Studio 14
VisualStudioVersion = 14.0.23107.0
MinimumVisualStudioVersion = 10.0.40219.1
Project("{FAE04EC0-301F-11D3-BF4B-00C04F79EFBC}") = "CSC578 Project", "CSC578 Project\CSC578 Project.csproj", "{CBA66F36-9268-4A3B-A2F2-FD8686E76537}"
EndProject
Global
	GlobalSection(SolutionConfigurationPlatforms) = preSolution
		Debug|Any CPU = Debug|Any CPU
		Release|Any CPU = Release|Any CPU
	EndGlobalSection
	GlobalSection(ProjectConfigurationPlatforms) = postSolution
		{CBA66F36-9268-4A3B-A2F2-FD8686E76537}.Debug|Any CPU.ActiveCfg = Debug|Any CPU
		{CBA66F36-9268-4A3B-A2F2-FD8686E76537}.Debug|Any CPU.Build.0 = Debug|Any CPU
		{CBA66F36-9268-4A3B-A2F2-FD8686E76537}.Release|Any CPU.ActiveCfg = Release|Any CPU
		{CBA66F36-9268-4A3B-A2F2-FD8686E76537}.Release|Any CPU.Build.0 = Release|Any CPU
	EndGlobalSection
	GlobalSection(SolutionProperties) = preSolution
		HideSolutionNode = FALSE
	EndGlobalSection
EndGlobal
